
Microsoft Visual Studio Solution File, Format Version 12.00
# Visual Studio Version 17
VisualStudioVersion = 17.0.31912.275
MinimumVisualStudioVersion = 10.0.40219.1
Project("{FAE04EC0-301F-11D3-BF4B-00C04F79EFBC}") = "P5_2_1204039", "P5_2_1204039\P5_2_1204039.csproj", "{7AA621E5-0A3C-4F3A-842A-013107EE41C0}"
EndProject
Project("{FAE04EC0-301F-11D3-BF4B-00C04F79EFBC}") = "P5_2_1204039_TestClock", "P5_2_1204039_TestClock\P5_2_1204039_TestClock.csproj", "{AD6D49A8-F2BB-47C6-87FC-4DBF4806F63C}"
EndProject
Global
	GlobalSection(SolutionConfigurationPlatforms) = preSolution
		Debug|Any CPU = Debug|Any CPU
		Release|Any CPU = Release|Any CPU
	EndGlobalSection
	GlobalSection(ProjectConfigurationPlatforms) = postSolution
		{7AA621E5-0A3C-4F3A-842A-013107EE41C0}.Debug|Any CPU.ActiveCfg = Debug|Any CPU
		{7AA621E5-0A3C-4F3A-842A-013107EE41C0}.Debug|Any CPU.Build.0 = Debug|Any CPU
		{7AA621E5-0A3C-4F3A-842A-013107EE41C0}.Release|Any CPU.ActiveCfg = Release|Any CPU
		{7AA621E5-0A3C-4F3A-842A-013107EE41C0}.Release|Any CPU.Build.0 = Release|Any CPU
		{AD6D49A8-F2BB-47C6-87FC-4DBF4806F63C}.Debug|Any CPU.ActiveCfg = Debug|Any CPU
		{AD6D49A8-F2BB-47C6-87FC-4DBF4806F63C}.Debug|Any CPU.Build.0 = Debug|Any CPU
		{AD6D49A8-F2BB-47C6-87FC-4DBF4806F63C}.Release|Any CPU.ActiveCfg = Release|Any CPU
		{AD6D49A8-F2BB-47C6-87FC-4DBF4806F63C}.Release|Any CPU.Build.0 = Release|Any CPU
	EndGlobalSection
	GlobalSection(SolutionProperties) = preSolution
		HideSolutionNode = FALSE
	EndGlobalSection
	GlobalSection(ExtensibilityGlobals) = postSolution
		SolutionGuid = {E97B2221-D0A6-4F02-905B-D01D136C3C6D}
	EndGlobalSection
EndGlobal
